
Microsoft Visual Studio Solution File, Format Version 12.00
# Visual Studio 14
VisualStudioVersion = 14.0.25420.1
MinimumVisualStudioVersion = 10.0.40219.1
Project("{FAE04EC0-301F-11D3-BF4B-00C04F79EFBC}") = "DynamicDictionary", "DynamicDictionary\DynamicDictionary.csproj", "{EDA0BAC0-EE70-4C6F-B53C-CFB448F908D6}"
EndProject
Project("{FAE04EC0-301F-11D3-BF4B-00C04F79EFBC}") = "Tests", "Tests\Tests.csproj", "{513FD6A6-A5ED-4190-BAF9-5B48DAD0A65C}"
EndProject
Project("{2150E333-8FDC-42A3-9474-1A3956D46DE8}") = "Solution Items", "Solution Items", "{AAE1523F-88BA-4CD8-B499-1827928375EA}"
	ProjectSection(SolutionItems) = preProject
		Readme.md = Readme.md
	EndProjectSection
EndProject
Project("{FAE04EC0-301F-11D3-BF4B-00C04F79EFBC}") = "NuGet.DynamicDictionary", "NuGet.Packager1\NuGet.DynamicDictionary.csproj", "{0451BAEF-DF2E-4B98-8644-94EE9415E389}"
EndProject
Project("{FAE04EC0-301F-11D3-BF4B-00C04F79EFBC}") = "DynamicDictionary.Storage.Json", "DynamicDictionary.Storage.Json\DynamicDictionary.Storage.Json.csproj", "{C1763D76-BA19-4707-8F98-3C33001B806A}"
EndProject
Project("{FAE04EC0-301F-11D3-BF4B-00C04F79EFBC}") = "DynamicDictionary.Storage.SQLite", "DynamicDictionary.Storage.SQLite\DynamicDictionary.Storage.SQLite.csproj", "{E464D7D6-1A04-4006-8BD1-204CBC663B0B}"
EndProject
Project("{FAE04EC0-301F-11D3-BF4B-00C04F79EFBC}") = "NuGet.DynamicDictionary.Storage", "NuGet.DynamicDictionary.Storage\NuGet.DynamicDictionary.Storage.csproj", "{76EDC42C-D8AD-45D5-A21B-892F511ED806}"
EndProject
Project("{FAE04EC0-301F-11D3-BF4B-00C04F79EFBC}") = "DynamicDictionary.Storage.LiteDB", "DynamicDictionary.Storage.LiteDB\DynamicDictionary.Storage.LiteDB.csproj", "{66CA4E9B-9145-4BCF-BF07-70508F41C21F}"
EndProject
Global
	GlobalSection(SolutionConfigurationPlatforms) = preSolution
		Debug|Any CPU = Debug|Any CPU
		Release|Any CPU = Release|Any CPU
	EndGlobalSection
	GlobalSection(ProjectConfigurationPlatforms) = postSolution
		{EDA0BAC0-EE70-4C6F-B53C-CFB448F908D6}.Debug|Any CPU.ActiveCfg = Debug|Any CPU
		{EDA0BAC0-EE70-4C6F-B53C-CFB448F908D6}.Debug|Any CPU.Build.0 = Debug|Any CPU
		{EDA0BAC0-EE70-4C6F-B53C-CFB448F908D6}.Release|Any CPU.ActiveCfg = Release|Any CPU
		{EDA0BAC0-EE70-4C6F-B53C-CFB448F908D6}.Release|Any CPU.Build.0 = Release|Any CPU
		{513FD6A6-A5ED-4190-BAF9-5B48DAD0A65C}.Debug|Any CPU.ActiveCfg = Debug|Any CPU
		{513FD6A6-A5ED-4190-BAF9-5B48DAD0A65C}.Debug|Any CPU.Build.0 = Debug|Any CPU
		{513FD6A6-A5ED-4190-BAF9-5B48DAD0A65C}.Release|Any CPU.ActiveCfg = Release|Any CPU
		{513FD6A6-A5ED-4190-BAF9-5B48DAD0A65C}.Release|Any CPU.Build.0 = Release|Any CPU
		{0451BAEF-DF2E-4B98-8644-94EE9415E389}.Debug|Any CPU.ActiveCfg = Debug|Any CPU
		{0451BAEF-DF2E-4B98-8644-94EE9415E389}.Debug|Any CPU.Build.0 = Debug|Any CPU
		{0451BAEF-DF2E-4B98-8644-94EE9415E389}.Release|Any CPU.ActiveCfg = Release|Any CPU
		{0451BAEF-DF2E-4B98-8644-94EE9415E389}.Release|Any CPU.Build.0 = Release|Any CPU
		{C1763D76-BA19-4707-8F98-3C33001B806A}.Debug|Any CPU.ActiveCfg = Debug|Any CPU
		{C1763D76-BA19-4707-8F98-3C33001B806A}.Debug|Any CPU.Build.0 = Debug|Any CPU
		{C1763D76-BA19-4707-8F98-3C33001B806A}.Release|Any CPU.ActiveCfg = Release|Any CPU
		{C1763D76-BA19-4707-8F98-3C33001B806A}.Release|Any CPU.Build.0 = Release|Any CPU
		{E464D7D6-1A04-4006-8BD1-204CBC663B0B}.Debug|Any CPU.ActiveCfg = Debug|Any CPU
		{E464D7D6-1A04-4006-8BD1-204CBC663B0B}.Debug|Any CPU.Build.0 = Debug|Any CPU
		{E464D7D6-1A04-4006-8BD1-204CBC663B0B}.Release|Any CPU.ActiveCfg = Release|Any CPU
		{E464D7D6-1A04-4006-8BD1-204CBC663B0B}.Release|Any CPU.Build.0 = Release|Any CPU
		{76EDC42C-D8AD-45D5-A21B-892F511ED806}.Debug|Any CPU.ActiveCfg = Debug|Any CPU
		{76EDC42C-D8AD-45D5-A21B-892F511ED806}.Debug|Any CPU.Build.0 = Debug|Any CPU
		{76EDC42C-D8AD-45D5-A21B-892F511ED806}.Release|Any CPU.ActiveCfg = Release|Any CPU
		{76EDC42C-D8AD-45D5-A21B-892F511ED806}.Release|Any CPU.Build.0 = Release|Any CPU
		{66CA4E9B-9145-4BCF-BF07-70508F41C21F}.Debug|Any CPU.ActiveCfg = Debug|Any CPU
		{66CA4E9B-9145-4BCF-BF07-70508F41C21F}.Debug|Any CPU.Build.0 = Debug|Any CPU
		{66CA4E9B-9145-4BCF-BF07-70508F41C21F}.Release|Any CPU.ActiveCfg = Release|Any CPU
		{66CA4E9B-9145-4BCF-BF07-70508F41C21F}.Release|Any CPU.Build.0 = Release|Any CPU
	EndGlobalSection
	GlobalSection(SolutionProperties) = preSolution
		HideSolutionNode = FALSE
	EndGlobalSection
EndGlobal
